uuid: b28954d0-38b3-48c8-8f8d-f8a7620701ec
langcode: fr
status: true
dependencies:
  config:
    - views.view.who_s_online
  module:
    - system
    - views
  theme:
    - bbtheme
id: views_block__who_s_online_who_s_online_block
theme: bbtheme
region: sidebar_first
weight: -6
provider: null
plugin: 'views_block:who_s_online-who_s_online_block'
settings:
  id: 'views_block:who_s_online-who_s_online_block'
  label: ''
  provider: views
  label_display: visible
  views_label: ''
  items_per_page: none
visibility:
  request_path:
    id: request_path
    pages: "<front>\r\n/node/1"
    negate: false
    context_mapping: {  }
